
Microsoft Visual Studio Solution File, Format Version 12.00
# Visual Studio Version 17
VisualStudioVersion = 17.14.36414.22
MinimumVisualStudioVersion = 10.0.40219.1
Project("{FAE04EC0-301F-11D3-BF4B-00C04F79EFBC}") = "InforceTestTask", "InforceTestTask.csproj", "{62496527-55B7-9C4A-22E6-24242F9C5777}"
EndProject
Project("{FAE04EC0-301F-11D3-BF4B-00C04F79EFBC}") = "TestTaskTests", "..\TestTaskTests\TestTaskTests.csproj", "{984C29F8-9036-4DE1-9AC2-1F2481DE752F}"
EndProject
Global
	GlobalSection(SolutionConfigurationPlatforms) = preSolution
		Debug|Any CPU = Debug|Any CPU
		Release|Any CPU = Release|Any CPU
	EndGlobalSection
	GlobalSection(ProjectConfigurationPlatforms) = postSolution
		{62496527-55B7-9C4A-22E6-24242F9C5777}.Debug|Any CPU.ActiveCfg = Debug|Any CPU
		{62496527-55B7-9C4A-22E6-24242F9C5777}.Debug|Any CPU.Build.0 = Debug|Any CPU
		{62496527-55B7-9C4A-22E6-24242F9C5777}.Release|Any CPU.ActiveCfg = Release|Any CPU
		{62496527-55B7-9C4A-22E6-24242F9C5777}.Release|Any CPU.Build.0 = Release|Any CPU
		{984C29F8-9036-4DE1-9AC2-1F2481DE752F}.Debug|Any CPU.ActiveCfg = Debug|Any CPU
		{984C29F8-9036-4DE1-9AC2-1F2481DE752F}.Debug|Any CPU.Build.0 = Debug|Any CPU
		{984C29F8-9036-4DE1-9AC2-1F2481DE752F}.Release|Any CPU.ActiveCfg = Release|Any CPU
		{984C29F8-9036-4DE1-9AC2-1F2481DE752F}.Release|Any CPU.Build.0 = Release|Any CPU
	EndGlobalSection
	GlobalSection(SolutionProperties) = preSolution
		HideSolutionNode = FALSE
	EndGlobalSection
	GlobalSection(ExtensibilityGlobals) = postSolution
		SolutionGuid = {4DB7710A-1C56-4F63-A2AF-FDDDABBE24D7}
	EndGlobalSection
EndGlobal
